// !$*UTF8*$!
{
	archiveVersion = 1;
	classes = {
	};
	objectVersion = 77;
	objects = {

/* Begin PBXBuildFile section */
		690A17C02DCD3C0D00A029A9 /* ContentView.swift in Sources */ = {isa = PBXBuildFile; fileRef = 690A17A52DCD3C0D00A029A9 /* ContentView.swift */; };
		690A17C12DCD3C0D00A029A9 /* Update_data_sql.swift in Sources */ = {isa = PBXBuildFile; fileRef = 690A17BE2DCD3C0D00A029A9 /* Update_data_sql.swift */; };
		690A17C22DCD3C0D00A029A9 /* Dio_DirectorySQL.swift in Sources */ = {isa = PBXBuildFile; fileRef = 690A17A92DCD3C0D00A029A9 /* Dio_DirectorySQL.swift */; };
		690A17C32DCD3C0D00A029A9 /* checklistSQL.swift in Sources */ = {isa = PBXBuildFile; fileRef = 690A17A42DCD3C0D00A029A9 /* checklistSQL.swift */; };
		690A17C42DCD3C0D00A029A9 /* prayersSQL.swift in Sources */ = {isa = PBXBuildFile; fileRef = 690A17B02DCD3C0D00A029A9 /* prayersSQL.swift */; };
		690A17C52DCD3C0D00A029A9 /* report_elder.swift in Sources */ = {isa = PBXBuildFile; fileRef = 690A17B52DCD3C0D00A029A9 /* report_elder.swift */; };
		690A17C62DCD3C0D00A029A9 /* admin_settings.swift in Sources */ = {isa = PBXBuildFile; fileRef = 690A17A12DCD3C0D00A029A9 /* admin_settings.swift */; };
		690A17C72DCD3C0D00A029A9 /* testpage.swift in Sources */ = {isa = PBXBuildFile; fileRef = 690A17BD2DCD3C0D00A029A9 /* testpage.swift */; };
		690A17C82DCD3C0D00A029A9 /* Prayers_data_sql.swift in Sources */ = {isa = PBXBuildFile; fileRef = 690A17AF2DCD3C0D00A029A9 /* Prayers_data_sql.swift */; };
		690A17C92DCD3C0D00A029A9 /* flowchartSQL.swift in Sources */ = {isa = PBXBuildFile; fileRef = 690A17AB2DCD3C0D00A029A9 /* flowchartSQL.swift */; };
		690A17CA2DCD3C0D00A029A9 /* SideHome.swift in Sources */ = {isa = PBXBuildFile; fileRef = 690A17BB2DCD3C0D00A029A9 /* SideHome.swift */; };
		690A17CB2DCD3C0D00A029A9 /* Requirements.swift in Sources */ = {isa = PBXBuildFile; fileRef = 690A17B62DCD3C0D00A029A9 /* Requirements.swift */; };
		690A17CC2DCD3C0D00A029A9 /* flowchart_data_sql.swift in Sources */ = {isa = PBXBuildFile; fileRef = 690A17AA2DCD3C0D00A029A9 /* flowchart_data_sql.swift */; };
		690A17CD2DCD3C0D00A029A9 /* profile.swift in Sources */ = {isa = PBXBuildFile; fileRef = 690A17B12DCD3C0D00A029A9 /* profile.swift */; };
		690A17CE2DCD3C0D00A029A9 /* registration_data_sql.swift in Sources */ = {isa = PBXBuildFile; fileRef = 690A17B32DCD3C0D00A029A9 /* registration_data_sql.swift */; };
		690A17CF2DCD3C0D00A029A9 /* login.swift in Sources */ = {isa = PBXBuildFile; fileRef = 690A17AE2DCD3C0D00A029A9 /* login.swift */; };
		690A17D02DCD3C0D00A029A9 /* Dio_Directory_Data.swift in Sources */ = {isa = PBXBuildFile; fileRef = 690A17A82DCD3C0D00A029A9 /* Dio_Directory_Data.swift */; };
		690A17D12DCD3C0D00A029A9 /* template.swift in Sources */ = {isa = PBXBuildFile; fileRef = 690A17BC2DCD3C0D00A029A9 /* template.swift */; };
		690A17D22DCD3C0D00A029A9 /* Updates.swift in Sources */ = {isa = PBXBuildFile; fileRef = 690A17BF2DCD3C0D00A029A9 /* Updates.swift */; };
		690A17D32DCD3C0D00A029A9 /* registration.swift in Sources */ = {isa = PBXBuildFile; fileRef = 690A17B22DCD3C0D00A029A9 /* registration.swift */; };
		690A17D42DCD3C0D00A029A9 /* dbConnect.swift in Sources */ = {isa = PBXBuildFile; fileRef = 690A17A62DCD3C0D00A029A9 /* dbConnect.swift */; };
		690A17D52DCD3C0D00A029A9 /* defaults.swift in Sources */ = {isa = PBXBuildFile; fileRef = 690A17A72DCD3C0D00A029A9 /* defaults.swift */; };
		690A17D62DCD3C0D00A029A9 /* keychain.swift in Sources */ = {isa = PBXBuildFile; fileRef = 690A17AC2DCD3C0D00A029A9 /* keychain.swift */; };
		690A17D72DCD3C0D00A029A9 /* SAFEApp.swift in Sources */ = {isa = PBXBuildFile; fileRef = 690A17BA2DCD3C0D00A029A9 /* SAFEApp.swift */; };
		690A17D82DCD3C0D00A029A9 /* librarySQL.swift in Sources */ = {isa = PBXBuildFile; fileRef = 690A17AD2DCD3C0D00A029A9 /* librarySQL.swift */; };
		690A17D92DCD3C0D00A029A9 /* requirements_managers.swift in Sources */ = {isa = PBXBuildFile; fileRef = 690A17B72DCD3C0D00A029A9 /* requirements_managers.swift */; };
		690A17DA2DCD3C0D00A029A9 /* checklist_data_sql.swift in Sources */ = {isa = PBXBuildFile; fileRef = 690A17A32DCD3C0D00A029A9 /* checklist_data_sql.swift */; };
		690A17DB2DCD3C0D00A029A9 /* Report.swift in Sources */ = {isa = PBXBuildFile; fileRef = 690A17B42DCD3C0D00A029A9 /* Report.swift */; };
		690A17DC2DCD3C0D00A029A9 /* Requirments_data_sql.swift in Sources */ = {isa = PBXBuildFile; fileRef = 690A17B82DCD3C0D00A029A9 /* Requirments_data_sql.swift */; };
		690A17DD2DCD3C0D00A029A9 /* Assets.xcassets in Resources */ = {isa = PBXBuildFile; fileRef = 690A17A22DCD3C0D00A029A9 /* Assets.xcassets */; };
		690A17DE2DCD3C0D00A029A9 /* ContentView.swift in Sources */ = {isa = PBXBuildFile; fileRef = 690A17A52DCD3C0D00A029A9 /* ContentView.swift */; };
		690A17DF2DCD3C0D00A029A9 /* Update_data_sql.swift in Sources */ = {isa = PBXBuildFile; fileRef = 690A17BE2DCD3C0D00A029A9 /* Update_data_sql.swift */; };
		690A17E02DCD3C0D00A029A9 /* Dio_DirectorySQL.swift in Sources */ = {isa = PBXBuildFile; fileRef = 690A17A92DCD3C0D00A029A9 /* Dio_DirectorySQL.swift */; };
		690A17E12DCD3C0D00A029A9 /* checklistSQL.swift in Sources */ = {isa = PBXBuildFile; fileRef = 690A17A42DCD3C0D00A029A9 /* checklistSQL.swift */; };
		690A17E22DCD3C0D00A029A9 /* prayersSQL.swift in Sources */ = {isa = PBXBuildFile; fileRef = 690A17B02DCD3C0D00A029A9 /* prayersSQL.swift */; };
		690A17E32DCD3C0D00A029A9 /* report_elder.swift in Sources */ = {isa = PBXBuildFile; fileRef = 690A17B52DCD3C0D00A029A9 /* report_elder.swift */; };
		690A17E42DCD3C0D00A029A9 /* admin_settings.swift in Sources */ = {isa = PBXBuildFile; fileRef = 690A17A12DCD3C0D00A029A9 /* admin_settings.swift */; };
		690A17E52DCD3C0D00A029A9 /* testpage.swift in Sources */ = {isa = PBXBuildFile; fileRef = 690A17BD2DCD3C0D00A029A9 /* testpage.swift */; };
		690A17E62DCD3C0D00A029A9 /* Prayers_data_sql.swift in Sources */ = {isa = PBXBuildFile; fileRef = 690A17AF2DCD3C0D00A029A9 /* Prayers_data_sql.swift */; };
		690A17E72DCD3C0D00A029A9 /* flowchartSQL.swift in Sources */ = {isa = PBXBuildFile; fileRef = 690A17AB2DCD3C0D00A029A9 /* flowchartSQL.swift */; };
		690A17E82DCD3C0D00A029A9 /* SideHome.swift in Sources */ = {isa = PBXBuildFile; fileRef = 690A17BB2DCD3C0D00A029A9 /* SideHome.swift */; };
		690A17E92DCD3C0D00A029A9 /* Requirements.swift in Sources */ = {isa = PBXBuildFile; fileRef = 690A17B62DCD3C0D00A029A9 /* Requirements.swift */; };
		690A17EA2DCD3C0D00A029A9 /* flowchart_data_sql.swift in Sources */ = {isa = PBXBuildFile; fileRef = 690A17AA2DCD3C0D00A029A9 /* flowchart_data_sql.swift */; };
		690A17EB2DCD3C0D00A029A9 /* profile.swift in Sources */ = {isa = PBXBuildFile; fileRef = 690A17B12DCD3C0D00A029A9 /* profile.swift */; };
		690A17EC2DCD3C0D00A029A9 /* registration_data_sql.swift in Sources */ = {isa = PBXBuildFile; fileRef = 690A17B32DCD3C0D00A029A9 /* registration_data_sql.swift */; };
		690A17ED2DCD3C0D00A029A9 /* login.swift in Sources */ = {isa = PBXBuildFile; fileRef = 690A17AE2DCD3C0D00A029A9 /* login.swift */; };
		690A17EE2DCD3C0D00A029A9 /* Dio_Directory_Data.swift in Sources */ = {isa = PBXBuildFile; fileRef = 690A17A82DCD3C0D00A029A9 /* Dio_Directory_Data.swift */; };
		690A17EF2DCD3C0D00A029A9 /* template.swift in Sources */ = {isa = PBXBuildFile; fileRef = 690A17BC2DCD3C0D00A029A9 /* template.swift */; };
		690A17F02DCD3C0D00A029A9 /* Updates.swift in Sources */ = {isa = PBXBuildFile; fileRef = 690A17BF2DCD3C0D00A029A9 /* Updates.swift */; };
		690A17F12DCD3C0D00A029A9 /* registration.swift in Sources */ = {isa = PBXBuildFile; fileRef = 690A17B22DCD3C0D00A029A9 /* registration.swift */; };
		690A17F22DCD3C0D00A029A9 /* dbConnect.swift in Sources */ = {isa = PBXBuildFile; fileRef = 690A17A62DCD3C0D00A029A9 /* dbConnect.swift */; };
		690A17F32DCD3C0D00A029A9 /* defaults.swift in Sources */ = {isa = PBXBuildFile; fileRef = 690A17A72DCD3C0D00A029A9 /* defaults.swift */; };
		690A17F42DCD3C0D00A029A9 /* keychain.swift in Sources */ = {isa = PBXBuildFile; fileRef = 690A17AC2DCD3C0D00A029A9 /* keychain.swift */; };
		690A17F52DCD3C0D00A029A9 /* SAFEApp.swift in Sources */ = {isa = PBXBuildFile; fileRef = 690A17BA2DCD3C0D00A029A9 /* SAFEApp.swift */; };
		690A17F62DCD3C0D00A029A9 /* librarySQL.swift in Sources */ = {isa = PBXBuildFile; fileRef = 690A17AD2DCD3C0D00A029A9 /* librarySQL.swift */; };
		690A17F72DCD3C0D00A029A9 /* requirements_managers.swift in Sources */ = {isa = PBXBuildFile; fileRef = 690A17B72DCD3C0D00A029A9 /* requirements_managers.swift */; };
		690A17F82DCD3C0D00A029A9 /* checklist_data_sql.swift in Sources */ = {isa = PBXBuildFile; fileRef = 690A17A32DCD3C0D00A029A9 /* checklist_data_sql.swift */; };
		690A17F92DCD3C0D00A029A9 /* Report.swift in Sources */ = {isa = PBXBuildFile; fileRef = 690A17B42DCD3C0D00A029A9 /* Report.swift */; };
		690A17FA2DCD3C0D00A029A9 /* Requirments_data_sql.swift in Sources */ = {isa = PBXBuildFile; fileRef = 690A17B82DCD3C0D00A029A9 /* Requirments_data_sql.swift */; };
		690A17FB2DCD3C0D00A029A9 /* Assets.xcassets in Resources */ = {isa = PBXBuildFile; fileRef = 690A17A22DCD3C0D00A029A9 /* Assets.xcassets */; };
		690A18032DCD407400A029A9 /* IDcard.swift in Sources */ = {isa = PBXBuildFile; fileRef = 690A18022DCD407400A029A9 /* IDcard.swift */; };
		690A18042DCD407400A029A9 /* IDcard.swift in Sources */ = {isa = PBXBuildFile; fileRef = 690A18022DCD407400A029A9 /* IDcard.swift */; };
		69C64A5A2DAAB77300D51CF6 /* Adding a new requirement group and checkign to ensure no dups in the target.sql in Resources */ = {isa = PBXBuildFile; fileRef = 69C64A322DAAB77300D51CF6 /* Adding a new requirement group and checkign to ensure no dups in the target.sql */; };
		69C64A5B2DAAB77300D51CF6 /* Preview Assets.xcassets in Resources */ = {isa = PBXBuildFile; fileRef = 69C64A382DAAB77300D51CF6 /* Preview Assets.xcassets */; };
		69C64A5D2DAAB77300D51CF6 /* Updating the target full field update.sql in Resources */ = {isa = PBXBuildFile; fileRef = 69C64A362DAAB77300D51CF6 /* Updating the target full field update.sql */; };
		69C64A5E2DAAB77300D51CF6 /* SAFE Table Schematic Entity-User in Resources */ = {isa = PBXBuildFile; fileRef = 69C64A352DAAB77300D51CF6 /* SAFE Table Schematic Entity-User */; };
		69C64A5F2DAAB77300D51CF6 /* Check Target for specific requirement level.sql in Resources */ = {isa = PBXBuildFile; fileRef = 69C64A332DAAB77300D51CF6 /* Check Target for specific requirement level.sql */; };
		69C64A602DAAB77300D51CF6 /* Removing a particular item in the target array.sql in Resources */ = {isa = PBXBuildFile; fileRef = 69C64A342DAAB77300D51CF6 /* Removing a particular item in the target array.sql */; };
		69C64A622DAAB77300D51CF6 /* variables_for_checklist.swift in Sources */ = {isa = PBXBuildFile; fileRef = 69C64A2F2DAAB77300D51CF6 /* variables_for_checklist.swift */; };
		69C64A6E2DAAB77300D51CF6 /* variables_for_flowchart.swift in Sources */ = {isa = PBXBuildFile; fileRef = 69C64A302DAAB77300D51CF6 /* variables_for_flowchart.swift */; };
		69C64A772DAAB77300D51CF6 /* flowchart.swift in Sources */ = {isa = PBXBuildFile; fileRef = 69C64A2C2DAAB77300D51CF6 /* flowchart.swift */; };
		69C64A782DAAB77300D51CF6 /* Library old.swift in Sources */ = {isa = PBXBuildFile; fileRef = 69C64A2D2DAAB77300D51CF6 /* Library old.swift */; };
		69C64A792DAAB77300D51CF6 /* libraryQuery.swift in Sources */ = {isa = PBXBuildFile; fileRef = 69C64A2E2DAAB77300D51CF6 /* libraryQuery.swift */; };
		69C64A7C2DAAB77300D51CF6 /* checklist.swift in Sources */ = {isa = PBXBuildFile; fileRef = 69C64A2B2DAAB77300D51CF6 /* checklist.swift */; };
		69C64A842DAAB77300D51CF6 /* Adding a new requirement group and checkign to ensure no dups in the target.sql in Resources */ = {isa = PBXBuildFile; fileRef = 69C64A322DAAB77300D51CF6 /* Adding a new requirement group and checkign to ensure no dups in the target.sql */; };
		69C64A852DAAB77300D51CF6 /* Preview Assets.xcassets in Resources */ = {isa = PBXBuildFile; fileRef = 69C64A382DAAB77300D51CF6 /* Preview Assets.xcassets */; };
		69C64A872DAAB77300D51CF6 /* Updating the target full field update.sql in Resources */ = {isa = PBXBuildFile; fileRef = 69C64A362DAAB77300D51CF6 /* Updating the target full field update.sql */; };
		69C64A882DAAB77300D51CF6 /* SAFE Table Schematic Entity-User in Resources */ = {isa = PBXBuildFile; fileRef = 69C64A352DAAB77300D51CF6 /* SAFE Table Schematic Entity-User */; };
		69C64A892DAAB77300D51CF6 /* Check Target for specific requirement level.sql in Resources */ = {isa = PBXBuildFile; fileRef = 69C64A332DAAB77300D51CF6 /* Check Target for specific requirement level.sql */; };
		69C64A8A2DAAB77300D51CF6 /* Removing a particular item in the target array.sql in Resources */ = {isa = PBXBuildFile; fileRef = 69C64A342DAAB77300D51CF6 /* Removing a particular item in the target array.sql */; };
		69C64A8C2DAAB77300D51CF6 /* variables_for_checklist.swift in Sources */ = {isa = PBXBuildFile; fileRef = 69C64A2F2DAAB77300D51CF6 /* variables_for_checklist.swift */; };
		69C64A982DAAB77300D51CF6 /* variables_for_flowchart.swift in Sources */ = {isa = PBXBuildFile; fileRef = 69C64A302DAAB77300D51CF6 /* variables_for_flowchart.swift */; };
		69C64AA12DAAB77300D51CF6 /* flowchart.swift in Sources */ = {isa = PBXBuildFile; fileRef = 69C64A2C2DAAB77300D51CF6 /* flowchart.swift */; };
		69C64AA22DAAB77300D51CF6 /* Library old.swift in Sources */ = {isa = PBXBuildFile; fileRef = 69C64A2D2DAAB77300D51CF6 /* Library old.swift */; };
		69C64AA32DAAB77300D51CF6 /* libraryQuery.swift in Sources */ = {isa = PBXBuildFile; fileRef = 69C64A2E2DAAB77300D51CF6 /* libraryQuery.swift */; };
		69C64AA62DAAB77300D51CF6 /* checklist.swift in Sources */ = {isa = PBXBuildFile; fileRef = 69C64A2B2DAAB77300D51CF6 /* checklist.swift */; };
		69C64AB12DAABA7100D51CF6 /* PostgresClientKit in Frameworks */ = {isa = PBXBuildFile; productRef = 69C64AB02DAABA7100D51CF6 /* PostgresClientKit */; };
/* End PBXBuildFile section */

/* Begin PBXContainerItemProxy section */
		6B03AD8F2D63965700CD28BB /* PBXContainerItemProxy */ = {
			isa = PBXContainerItemProxy;
			containerPortal = 6B03AD762D63965600CD28BB /* Project object */;
			proxyType = 1;
			remoteGlobalIDString = 6B03AD7D2D63965600CD28BB;
			remoteInfo = SAFE;
		};
		6B03AD992D63965700CD28BB /* PBXContainerItemProxy */ = {
			isa = PBXContainerItemProxy;
			containerPortal = 6B03AD762D63965600CD28BB /* Project object */;
			proxyType = 1;
			remoteGlobalIDString = 6B03AD7D2D63965600CD28BB;
			remoteInfo = SAFE;
		};
/* End PBXContainerItemProxy section */

/* Begin PBXFileReference section */
		690A17A12DCD3C0D00A029A9 /* admin_settings.swift */ = {isa = PBXFileReference; lastKnownFileType = sourcecode.swift; path = admin_settings.swift; sourceTree = "<group>"; };
		690A17A22DCD3C0D00A029A9 /* Assets.xcassets */ = {isa = PBXFileReference; lastKnownFileType = folder.assetcatalog; path = Assets.xcassets; sourceTree = "<group>"; };
		690A17A32DCD3C0D00A029A9 /* checklist_data_sql.swift */ = {isa = PBXFileReference; lastKnownFileType = sourcecode.swift; path = checklist_data_sql.swift; sourceTree = "<group>"; };
		690A17A42DCD3C0D00A029A9 /* checklistSQL.swift */ = {isa = PBXFileReference; lastKnownFileType = sourcecode.swift; path = checklistSQL.swift; sourceTree = "<group>"; };
		690A17A52DCD3C0D00A029A9 /* ContentView.swift */ = {isa = PBXFileReference; lastKnownFileType = sourcecode.swift; path = ContentView.swift; sourceTree = "<group>"; };
		690A17A62DCD3C0D00A029A9 /* dbConnect.swift */ = {isa = PBXFileReference; lastKnownFileType = sourcecode.swift; path = dbConnect.swift; sourceTree = "<group>"; };
		690A17A72DCD3C0D00A029A9 /* defaults.swift */ = {isa = PBXFileReference; lastKnownFileType = sourcecode.swift; path = defaults.swift; sourceTree = "<group>"; };
		690A17A82DCD3C0D00A029A9 /* Dio_Directory_Data.swift */ = {isa = PBXFileReference; lastKnownFileType = sourcecode.swift; path = Dio_Directory_Data.swift; sourceTree = "<group>"; };
		690A17A92DCD3C0D00A029A9 /* Dio_DirectorySQL.swift */ = {isa = PBXFileReference; lastKnownFileType = sourcecode.swift; path = Dio_DirectorySQL.swift; sourceTree = "<group>"; };
		690A17AA2DCD3C0D00A029A9 /* flowchart_data_sql.swift */ = {isa = PBXFileReference; lastKnownFileType = sourcecode.swift; path = flowchart_data_sql.swift; sourceTree = "<group>"; };
		690A17AB2DCD3C0D00A029A9 /* flowchartSQL.swift */ = {isa = PBXFileReference; lastKnownFileType = sourcecode.swift; path = flowchartSQL.swift; sourceTree = "<group>"; };
		690A17AC2DCD3C0D00A029A9 /* keychain.swift */ = {isa = PBXFileReference; lastKnownFileType = sourcecode.swift; path = keychain.swift; sourceTree = "<group>"; };
		690A17AD2DCD3C0D00A029A9 /* librarySQL.swift */ = {isa = PBXFileReference; lastKnownFileType = sourcecode.swift; path = librarySQL.swift; sourceTree = "<group>"; };
		690A17AE2DCD3C0D00A029A9 /* login.swift */ = {isa = PBXFileReference; lastKnownFileType = sourcecode.swift; path = login.swift; sourceTree = "<group>"; };
		690A17AF2DCD3C0D00A029A9 /* Prayers_data_sql.swift */ = {isa = PBXFileReference; lastKnownFileType = sourcecode.swift; path = Prayers_data_sql.swift; sourceTree = "<group>"; };
		690A17B02DCD3C0D00A029A9 /* prayersSQL.swift */ = {isa = PBXFileReference; lastKnownFileType = sourcecode.swift; path = prayersSQL.swift; sourceTree = "<group>"; };
		690A17B12DCD3C0D00A029A9 /* profile.swift */ = {isa = PBXFileReference; lastKnownFileType = sourcecode.swift; path = profile.swift; sourceTree = "<group>"; };
		690A17B22DCD3C0D00A029A9 /* registration.swift */ = {isa = PBXFileReference; lastKnownFileType = sourcecode.swift; path = registration.swift; sourceTree = "<group>"; };
		690A17B32DCD3C0D00A029A9 /* registration_data_sql.swift */ = {isa = PBXFileReference; lastKnownFileType = sourcecode.swift; path = registration_data_sql.swift; sourceTree = "<group>"; };
		690A17B42DCD3C0D00A029A9 /* Report.swift */ = {isa = PBXFileReference; lastKnownFileType = sourcecode.swift; path = Report.swift; sourceTree = "<group>"; };
		690A17B52DCD3C0D00A029A9 /* report_elder.swift */ = {isa = PBXFileReference; lastKnownFileType = sourcecode.swift; path = report_elder.swift; sourceTree = "<group>"; };
		690A17B62DCD3C0D00A029A9 /* Requirements.swift */ = {isa = PBXFileReference; lastKnownFileType = sourcecode.swift; path = Requirements.swift; sourceTree = "<group>"; };
		690A17B72DCD3C0D00A029A9 /* requirements_managers.swift */ = {isa = PBXFileReference; lastKnownFileType = sourcecode.swift; path = requirements_managers.swift; sourceTree = "<group>"; };
		690A17B82DCD3C0D00A029A9 /* Requirments_data_sql.swift */ = {isa = PBXFileReference; lastKnownFileType = sourcecode.swift; path = Requirments_data_sql.swift; sourceTree = "<group>"; };
		690A17B92DCD3C0D00A029A9 /* SAFE.entitlements */ = {isa = PBXFileReference; lastKnownFileType = text.plist.entitlements; path = SAFE.entitlements; sourceTree = "<group>"; };
		690A17BA2DCD3C0D00A029A9 /* SAFEApp.swift */ = {isa = PBXFileReference; lastKnownFileType = sourcecode.swift; path = SAFEApp.swift; sourceTree = "<group>"; };
		690A17BB2DCD3C0D00A029A9 /* SideHome.swift */ = {isa = PBXFileReference; lastKnownFileType = sourcecode.swift; path = SideHome.swift; sourceTree = "<group>"; };
		690A17BC2DCD3C0D00A029A9 /* template.swift */ = {isa = PBXFileReference; lastKnownFileType = sourcecode.swift; path = template.swift; sourceTree = "<group>"; };
		690A17BD2DCD3C0D00A029A9 /* testpage.swift */ = {isa = PBXFileReference; lastKnownFileType = sourcecode.swift; path = testpage.swift; sourceTree = "<group>"; };
		690A17BE2DCD3C0D00A029A9 /* Update_data_sql.swift */ = {isa = PBXFileReference; lastKnownFileType = sourcecode.swift; path = Update_data_sql.swift; sourceTree = "<group>"; };
		690A17BF2DCD3C0D00A029A9 /* Updates.swift */ = {isa = PBXFileReference; lastKnownFileType = sourcecode.swift; path = Updates.swift; sourceTree = "<group>"; };
		690A18022DCD407400A029A9 /* IDcard.swift */ = {isa = PBXFileReference; lastKnownFileType = sourcecode.swift; path = IDcard.swift; sourceTree = "<group>"; };
		69C64A2B2DAAB77300D51CF6 /* checklist.swift */ = {isa = PBXFileReference; lastKnownFileType = sourcecode.swift; path = checklist.swift; sourceTree = "<group>"; };
		69C64A2C2DAAB77300D51CF6 /* flowchart.swift */ = {isa = PBXFileReference; lastKnownFileType = sourcecode.swift; path = flowchart.swift; sourceTree = "<group>"; };
		69C64A2D2DAAB77300D51CF6 /* Library old.swift */ = {isa = PBXFileReference; lastKnownFileType = sourcecode.swift; path = "Library old.swift"; sourceTree = "<group>"; };
		69C64A2E2DAAB77300D51CF6 /* libraryQuery.swift */ = {isa = PBXFileReference; lastKnownFileType = sourcecode.swift; path = libraryQuery.swift; sourceTree = "<group>"; };
		69C64A2F2DAAB77300D51CF6 /* variables_for_checklist.swift */ = {isa = PBXFileReference; lastKnownFileType = sourcecode.swift; path = variables_for_checklist.swift; sourceTree = "<group>"; };
		69C64A302DAAB77300D51CF6 /* variables_for_flowchart.swift */ = {isa = PBXFileReference; lastKnownFileType = sourcecode.swift; path = variables_for_flowchart.swift; sourceTree = "<group>"; };
		69C64A322DAAB77300D51CF6 /* Adding a new requirement group and checkign to ensure no dups in the target.sql */ = {isa = PBXFileReference; lastKnownFileType = text; path = "Adding a new requirement group and checkign to ensure no dups in the target.sql"; sourceTree = "<group>"; };
		69C64A332DAAB77300D51CF6 /* Check Target for specific requirement level.sql */ = {isa = PBXFileReference; lastKnownFileType = text; path = "Check Target for specific requirement level.sql"; sourceTree = "<group>"; };
		69C64A342DAAB77300D51CF6 /* Removing a particular item in the target array.sql */ = {isa = PBXFileReference; lastKnownFileType = text; path = "Removing a particular item in the target array.sql"; sourceTree = "<group>"; };
		69C64A352DAAB77300D51CF6 /* SAFE Table Schematic Entity-User */ = {isa = PBXFileReference; lastKnownFileType = text; path = "SAFE Table Schematic Entity-User"; sourceTree = "<group>"; };
		69C64A362DAAB77300D51CF6 /* Updating the target full field update.sql */ = {isa = PBXFileReference; lastKnownFileType = text; path = "Updating the target full field update.sql"; sourceTree = "<group>"; };
		69C64A382DAAB77300D51CF6 /* Preview Assets.xcassets */ = {isa = PBXFileReference; lastKnownFileType = folder.assetcatalog; path = "Preview Assets.xcassets"; sourceTree = "<group>"; };
		6B03AD7E2D63965600CD28BB /* SAFE.app */ = {isa = PBXFileReference; explicitFileType = wrapper.application; includeInIndex = 0; path = SAFE.app; sourceTree = BUILT_PRODUCTS_DIR; };
		6B03AD8E2D63965700CD28BB /* SAFETests.xctest */ = {isa = PBXFileReference; explicitFileType = wrapper.cfbundle; includeInIndex = 0; path = SAFETests.xctest; sourceTree = BUILT_PRODUCTS_DIR; };
		6B03AD982D63965700CD28BB /* SAFEUITests.xctest */ = {isa = PBXFileReference; explicitFileType = wrapper.cfbundle; includeInIndex = 0; path = SAFEUITests.xctest; sourceTree = BUILT_PRODUCTS_DIR; };
		6B54D3D82D8DB90600151017 /* PostgresClientKit-1.5.0 */ = {isa = PBXFileReference; lastKnownFileType = wrapper; name = "PostgresClientKit-1.5.0"; path = "../PostgresClientKit-1.5.0"; sourceTree = "<group>"; };
		6BD847BF2D6399AA0026D784 /* PostgresClientKit-1.5.0 */ = {isa = PBXFileReference; lastKnownFileType = wrapper; name = "PostgresClientKit-1.5.0"; path = "../../../../../../../Downloads/PostgresClientKit-1.5.0"; sourceTree = "<group>"; };
/* End PBXFileReference section */

/* Begin PBXFileSystemSynchronizedRootGroup section */
		6B03AD912D63965700CD28BB /* SAFETests */ = {
			isa = PBXFileSystemSynchronizedRootGroup;
			path = SAFETests;
			sourceTree = "<group>";
		};
		6B03AD9B2D63965700CD28BB /* SAFEUITests */ = {
			isa = PBXFileSystemSynchronizedRootGroup;
			path = SAFEUITests;
			sourceTree = "<group>";
		};
/* End PBXFileSystemSynchronizedRootGroup section */

/* Begin PBXFrameworksBuildPhase section */
		6B03AD7B2D63965600CD28BB /* Frameworks */ = {
			isa = PBXFrameworksBuildPhase;
			buildActionMask = 2147483647;
			files = (
				69C64AB12DAABA7100D51CF6 /* PostgresClientKit in Frameworks */,
			);
			runOnlyForDeploymentPostprocessing = 0;
		};
		6B03AD8B2D63965700CD28BB /* Frameworks */ = {
			isa = PBXFrameworksBuildPhase;
			buildActionMask = 2147483647;
			files = (
			);
			runOnlyForDeploymentPostprocessing = 0;
		};
		6B03AD952D63965700CD28BB /* Frameworks */ = {
			isa = PBXFrameworksBuildPhase;
			buildActionMask = 2147483647;
			files = (
			);
			runOnlyForDeploymentPostprocessing = 0;
		};
/* End PBXFrameworksBuildPhase section */

/* Begin PBXGroup section */
		69C64A312DAAB77300D51CF6 /* Archives */ = {
			isa = PBXGroup;
			children = (
				69C64A2B2DAAB77300D51CF6 /* checklist.swift */,
				69C64A2C2DAAB77300D51CF6 /* flowchart.swift */,
				69C64A2D2DAAB77300D51CF6 /* Library old.swift */,
				69C64A2E2DAAB77300D51CF6 /* libraryQuery.swift */,
				69C64A2F2DAAB77300D51CF6 /* variables_for_checklist.swift */,
				69C64A302DAAB77300D51CF6 /* variables_for_flowchart.swift */,
			);
			path = Archives;
			sourceTree = "<group>";
		};
		69C64A372DAAB77300D51CF6 /* PostgreSQL Saved Native Queries */ = {
			isa = PBXGroup;
			children = (
				69C64A322DAAB77300D51CF6 /* Adding a new requirement group and checkign to ensure no dups in the target.sql */,
				69C64A332DAAB77300D51CF6 /* Check Target for specific requirement level.sql */,
				69C64A342DAAB77300D51CF6 /* Removing a particular item in the target array.sql */,
				69C64A352DAAB77300D51CF6 /* SAFE Table Schematic Entity-User */,
				69C64A362DAAB77300D51CF6 /* Updating the target full field update.sql */,
			);
			path = "PostgreSQL Saved Native Queries";
			sourceTree = "<group>";
		};
		69C64A392DAAB77300D51CF6 /* Preview Content */ = {
			isa = PBXGroup;
			children = (
				69C64A382DAAB77300D51CF6 /* Preview Assets.xcassets */,
			);
			path = "Preview Content";
			sourceTree = "<group>";
		};
		69C64A592DAAB77300D51CF6 /* SAFE */ = {
			isa = PBXGroup;
			children = (
				690A17A12DCD3C0D00A029A9 /* admin_settings.swift */,
				690A17A22DCD3C0D00A029A9 /* Assets.xcassets */,
				690A17A32DCD3C0D00A029A9 /* checklist_data_sql.swift */,
				690A17A42DCD3C0D00A029A9 /* checklistSQL.swift */,
				690A17A52DCD3C0D00A029A9 /* ContentView.swift */,
				690A17A62DCD3C0D00A029A9 /* dbConnect.swift */,
				690A17A72DCD3C0D00A029A9 /* defaults.swift */,
				690A17A82DCD3C0D00A029A9 /* Dio_Directory_Data.swift */,
				690A17A92DCD3C0D00A029A9 /* Dio_DirectorySQL.swift */,
				690A17AA2DCD3C0D00A029A9 /* flowchart_data_sql.swift */,
				690A17AB2DCD3C0D00A029A9 /* flowchartSQL.swift */,
				690A17AC2DCD3C0D00A029A9 /* keychain.swift */,
				690A17AD2DCD3C0D00A029A9 /* librarySQL.swift */,
				690A17AE2DCD3C0D00A029A9 /* login.swift */,
				690A17AF2DCD3C0D00A029A9 /* Prayers_data_sql.swift */,
				690A17B02DCD3C0D00A029A9 /* prayersSQL.swift */,
				690A17B12DCD3C0D00A029A9 /* profile.swift */,
				690A17B22DCD3C0D00A029A9 /* registration.swift */,
				690A17B32DCD3C0D00A029A9 /* registration_data_sql.swift */,
				690A17B42DCD3C0D00A029A9 /* Report.swift */,
				690A17B52DCD3C0D00A029A9 /* report_elder.swift */,
				690A17B62DCD3C0D00A029A9 /* Requirements.swift */,
				690A17B72DCD3C0D00A029A9 /* requirements_managers.swift */,
				690A17B82DCD3C0D00A029A9 /* Requirments_data_sql.swift */,
				690A17B92DCD3C0D00A029A9 /* SAFE.entitlements */,
				690A17BA2DCD3C0D00A029A9 /* SAFEApp.swift */,
				690A17BB2DCD3C0D00A029A9 /* SideHome.swift */,
				690A17BC2DCD3C0D00A029A9 /* template.swift */,
				690A17BD2DCD3C0D00A029A9 /* testpage.swift */,
				690A17BE2DCD3C0D00A029A9 /* Update_data_sql.swift */,
				690A17BF2DCD3C0D00A029A9 /* Updates.swift */,
				690A18022DCD407400A029A9 /* IDcard.swift */,
				69C64A312DAAB77300D51CF6 /* Archives */,
				69C64A372DAAB77300D51CF6 /* PostgreSQL Saved Native Queries */,
				69C64A392DAAB77300D51CF6 /* Preview Content */,
			);
			path = SAFE;
			sourceTree = "<group>";
		};
		6B03AD752D63965600CD28BB = {
			isa = PBXGroup;
			children = (
				6B03AD912D63965700CD28BB /* SAFETests */,
				6B03AD9B2D63965700CD28BB /* SAFEUITests */,
				6B03AD7F2D63965600CD28BB /* Products */,
				6BD847BE2D6399AA0026D784 /* Frameworks */,
				69C64A592DAAB77300D51CF6 /* SAFE */,
			);
			sourceTree = "<group>";
		};
		6B03AD7F2D63965600CD28BB /* Products */ = {
			isa = PBXGroup;
			children = (
				6B03AD7E2D63965600CD28BB /* SAFE.app */,
				6B03AD8E2D63965700CD28BB /* SAFETests.xctest */,
				6B03AD982D63965700CD28BB /* SAFEUITests.xctest */,
			);
			name = Products;
			sourceTree = "<group>";
		};
		6BD847BE2D6399AA0026D784 /* Frameworks */ = {
			isa = PBXGroup;
			children = (
				6B54D3D82D8DB90600151017 /* PostgresClientKit-1.5.0 */,
				6BD847BF2D6399AA0026D784 /* PostgresClientKit-1.5.0 */,
			);
			name = Frameworks;
			sourceTree = "<group>";
		};
/* End PBXGroup section */

/* Begin PBXNativeTarget section */
		6B03AD7D2D63965600CD28BB /* SAFE */ = {
			isa = PBXNativeTarget;
			buildConfigurationList = 6B03ADA22D63965700CD28BB /* Build configuration list for PBXNativeTarget "SAFE" */;
			buildPhases = (
				6B03AD7A2D63965600CD28BB /* Sources */,
				6B03AD7B2D63965600CD28BB /* Frameworks */,
				6B03AD7C2D63965600CD28BB /* Resources */,
			);
			buildRules = (
			);
			dependencies = (
			);
			name = SAFE;
			packageProductDependencies = (
				69C64AB02DAABA7100D51CF6 /* PostgresClientKit */,
			);
			productName = SAFE;
			productReference = 6B03AD7E2D63965600CD28BB /* SAFE.app */;
			productType = "com.apple.product-type.application";
		};
		6B03AD8D2D63965700CD28BB /* SAFETests */ = {
			isa = PBXNativeTarget;
			buildConfigurationList = 6B03ADA52D63965700CD28BB /* Build configuration list for PBXNativeTarget "SAFETests" */;
			buildPhases = (
				6B03AD8A2D63965700CD28BB /* Sources */,
				6B03AD8B2D63965700CD28BB /* Frameworks */,
				6B03AD8C2D63965700CD28BB /* Resources */,
			);
			buildRules = (
			);
			dependencies = (
				6B03AD902D63965700CD28BB /* PBXTargetDependency */,
			);
			fileSystemSynchronizedGroups = (
				6B03AD912D63965700CD28BB /* SAFETests */,
			);
			name = SAFETests;
			packageProductDependencies = (
			);
			productName = SAFETests;
			productReference = 6B03AD8E2D63965700CD28BB /* SAFETests.xctest */;
			productType = "com.apple.product-type.bundle.unit-test";
		};
		6B03AD972D63965700CD28BB /* SAFEUITests */ = {
			isa = PBXNativeTarget;
			buildConfigurationList = 6B03ADA82D63965700CD28BB /* Build configuration list for PBXNativeTarget "SAFEUITests" */;
			buildPhases = (
				6B03AD942D63965700CD28BB /* Sources */,
				6B03AD952D63965700CD28BB /* Frameworks */,
				6B03AD962D63965700CD28BB /* Resources */,
			);
			buildRules = (
			);
			dependencies = (
				6B03AD9A2D63965700CD28BB /* PBXTargetDependency */,
			);
			fileSystemSynchronizedGroups = (
				6B03AD9B2D63965700CD28BB /* SAFEUITests */,
			);
			name = SAFEUITests;
			packageProductDependencies = (
			);
			productName = SAFEUITests;
			productReference = 6B03AD982D63965700CD28BB /* SAFEUITests.xctest */;
			productType = "com.apple.product-type.bundle.ui-testing";
		};
/* End PBXNativeTarget section */

/* Begin PBXProject section */
		6B03AD762D63965600CD28BB /* Project object */ = {
			isa = PBXProject;
			attributes = {
				BuildIndependentTargetsInParallel = 1;
				LastSwiftUpdateCheck = 1620;
				LastUpgradeCheck = 1620;
				TargetAttributes = {
					6B03AD7D2D63965600CD28BB = {
						CreatedOnToolsVersion = 16.2;
					};
					6B03AD8D2D63965700CD28BB = {
						CreatedOnToolsVersion = 16.2;
						TestTargetID = 6B03AD7D2D63965600CD28BB;
					};
					6B03AD972D63965700CD28BB = {
						CreatedOnToolsVersion = 16.2;
						TestTargetID = 6B03AD7D2D63965600CD28BB;
					};
				};
			};
			buildConfigurationList = 6B03AD792D63965600CD28BB /* Build configuration list for PBXProject "SAFE" */;
			developmentRegion = en;
			hasScannedForEncodings = 0;
			knownRegions = (
				en,
				Base,
			);
			mainGroup = 6B03AD752D63965600CD28BB;
			minimizedProjectReferenceProxies = 1;
			packageReferences = (
				69C64A2A2DAAB5F200D51CF6 /* XCRemoteSwiftPackageReference "PostgresClientKit" */,
				69C64AAE2DAAB81E00D51CF6 /* XCRemoteSwiftPackageReference "BlueSocket" */,
				69C64AAF2DAAB82F00D51CF6 /* XCRemoteSwiftPackageReference "BlueSSLService" */,
			);
			preferredProjectObjectVersion = 77;
			productRefGroup = 6B03AD7F2D63965600CD28BB /* Products */;
			projectDirPath = "";
			projectRoot = "";
			targets = (
				6B03AD7D2D63965600CD28BB /* SAFE */,
				6B03AD8D2D63965700CD28BB /* SAFETests */,
				6B03AD972D63965700CD28BB /* SAFEUITests */,
			);
		};
/* End PBXProject section */

/* Begin PBXResourcesBuildPhase section */
		6B03AD7C2D63965600CD28BB /* Resources */ = {
			isa = PBXResourcesBuildPhase;
			buildActionMask = 2147483647;
			files = (
				69C64A842DAAB77300D51CF6 /* Adding a new requirement group and checkign to ensure no dups in the target.sql in Resources */,
				69C64A852DAAB77300D51CF6 /* Preview Assets.xcassets in Resources */,
				69C64A872DAAB77300D51CF6 /* Updating the target full field update.sql in Resources */,
				69C64A882DAAB77300D51CF6 /* SAFE Table Schematic Entity-User in Resources */,
				690A17FB2DCD3C0D00A029A9 /* Assets.xcassets in Resources */,
				69C64A892DAAB77300D51CF6 /* Check Target for specific requirement level.sql in Resources */,
				69C64A8A2DAAB77300D51CF6 /* Removing a particular item in the target array.sql in Resources */,
			);
			runOnlyForDeploymentPostprocessing = 0;
		};
		6B03AD8C2D63965700CD28BB /* Resources */ = {
			isa = PBXResourcesBuildPhase;
			buildActionMask = 2147483647;
			files = (
				69C64A5A2DAAB77300D51CF6 /* Adding a new requirement group and checkign to ensure no dups in the target.sql in Resources */,
				69C64A5B2DAAB77300D51CF6 /* Preview Assets.xcassets in Resources */,
				69C64A5D2DAAB77300D51CF6 /* Updating the target full field update.sql in Resources */,
				69C64A5E2DAAB77300D51CF6 /* SAFE Table Schematic Entity-User in Resources */,
				690A17DD2DCD3C0D00A029A9 /* Assets.xcassets in Resources */,
				69C64A5F2DAAB77300D51CF6 /* Check Target for specific requirement level.sql in Resources */,
				69C64A602DAAB77300D51CF6 /* Removing a particular item in the target array.sql in Resources */,
			);
			runOnlyForDeploymentPostprocessing = 0;
		};
		6B03AD962D63965700CD28BB /* Resources */ = {
			isa = PBXResourcesBuildPhase;
			buildActionMask = 2147483647;
			files = (
			);
			runOnlyForDeploymentPostprocessing = 0;
		};
/* End PBXResourcesBuildPhase section */

/* Begin PBXSourcesBuildPhase section */
		6B03AD7A2D63965600CD28BB /* Sources */ = {
			isa = PBXSourcesBuildPhase;
			buildActionMask = 2147483647;
			files = (
				69C64A8C2DAAB77300D51CF6 /* variables_for_checklist.swift in Sources */,
				69C64A982DAAB77300D51CF6 /* variables_for_flowchart.swift in Sources */,
				69C64AA12DAAB77300D51CF6 /* flowchart.swift in Sources */,
				69C64AA22DAAB77300D51CF6 /* Library old.swift in Sources */,
				69C64AA32DAAB77300D51CF6 /* libraryQuery.swift in Sources */,
				69C64AA62DAAB77300D51CF6 /* checklist.swift in Sources */,
				690A17DE2DCD3C0D00A029A9 /* ContentView.swift in Sources */,
				690A17DF2DCD3C0D00A029A9 /* Update_data_sql.swift in Sources */,
				690A17E02DCD3C0D00A029A9 /* Dio_DirectorySQL.swift in Sources */,
				690A17E12DCD3C0D00A029A9 /* checklistSQL.swift in Sources */,
				690A17E22DCD3C0D00A029A9 /* prayersSQL.swift in Sources */,
				690A17E32DCD3C0D00A029A9 /* report_elder.swift in Sources */,
				690A17E42DCD3C0D00A029A9 /* admin_settings.swift in Sources */,
				690A17E52DCD3C0D00A029A9 /* testpage.swift in Sources */,
				690A17E62DCD3C0D00A029A9 /* Prayers_data_sql.swift in Sources */,
				690A17E72DCD3C0D00A029A9 /* flowchartSQL.swift in Sources */,
				690A17E82DCD3C0D00A029A9 /* SideHome.swift in Sources */,
				690A17E92DCD3C0D00A029A9 /* Requirements.swift in Sources */,
				690A17EA2DCD3C0D00A029A9 /* flowchart_data_sql.swift in Sources */,
				690A17EB2DCD3C0D00A029A9 /* profile.swift in Sources */,
				690A17EC2DCD3C0D00A029A9 /* registration_data_sql.swift in Sources */,
				690A17ED2DCD3C0D00A029A9 /* login.swift in Sources */,
				690A17EE2DCD3C0D00A029A9 /* Dio_Directory_Data.swift in Sources */,
				690A17EF2DCD3C0D00A029A9 /* template.swift in Sources */,
				690A17F02DCD3C0D00A029A9 /* Updates.swift in Sources */,
				690A17F12DCD3C0D00A029A9 /* registration.swift in Sources */,
				690A17F22DCD3C0D00A029A9 /* dbConnect.swift in Sources */,
				690A17F32DCD3C0D00A029A9 /* defaults.swift in Sources */,
				690A17F42DCD3C0D00A029A9 /* keychain.swift in Sources */,
				690A17F52DCD3C0D00A029A9 /* SAFEApp.swift in Sources */,
				690A17F62DCD3C0D00A029A9 /* librarySQL.swift in Sources */,
				690A17F72DCD3C0D00A029A9 /* requirements_managers.swift in Sources */,
				690A17F82DCD3C0D00A029A9 /* checklist_data_sql.swift in Sources */,
				690A17F92DCD3C0D00A029A9 /* Report.swift in Sources */,
				690A18042DCD407400A029A9 /* IDcard.swift in Sources */,
				690A17FA2DCD3C0D00A029A9 /* Requirments_data_sql.swift in Sources */,
			);
			runOnlyForDeploymentPostprocessing = 0;
		};
		6B03AD8A2D63965700CD28BB /* Sources */ = {
			isa = PBXSourcesBuildPhase;
			buildActionMask = 2147483647;
			files = (
				69C64A622DAAB77300D51CF6 /* variables_for_checklist.swift in Sources */,
				69C64A6E2DAAB77300D51CF6 /* variables_for_flowchart.swift in Sources */,
				69C64A772DAAB77300D51CF6 /* flowchart.swift in Sources */,
				69C64A782DAAB77300D51CF6 /* Library old.swift in Sources */,
				690A18032DCD407400A029A9 /* IDcard.swift in Sources */,
				69C64A792DAAB77300D51CF6 /* libraryQuery.swift in Sources */,
				690A17C02DCD3C0D00A029A9 /* ContentView.swift in Sources */,
				690A17C12DCD3C0D00A029A9 /* Update_data_sql.swift in Sources */,
				690A17C22DCD3C0D00A029A9 /* Dio_DirectorySQL.swift in Sources */,
				690A17C32DCD3C0D00A029A9 /* checklistSQL.swift in Sources */,
				690A17C42DCD3C0D00A029A9 /* prayersSQL.swift in Sources */,
				690A17C52DCD3C0D00A029A9 /* report_elder.swift in Sources */,
				690A17C62DCD3C0D00A029A9 /* admin_settings.swift in Sources */,
				690A17C72DCD3C0D00A029A9 /* testpage.swift in Sources */,
				690A17C82DCD3C0D00A029A9 /* Prayers_data_sql.swift in Sources */,
				690A17C92DCD3C0D00A029A9 /* flowchartSQL.swift in Sources */,
				690A17CA2DCD3C0D00A029A9 /* SideHome.swift in Sources */,
				690A17CB2DCD3C0D00A029A9 /* Requirements.swift in Sources */,
				690A17CC2DCD3C0D00A029A9 /* flowchart_data_sql.swift in Sources */,
				690A17CD2DCD3C0D00A029A9 /* profile.swift in Sources */,
				690A17CE2DCD3C0D00A029A9 /* registration_data_sql.swift in Sources */,
				690A17CF2DCD3C0D00A029A9 /* login.swift in Sources */,
				690A17D02DCD3C0D00A029A9 /* Dio_Directory_Data.swift in Sources */,
				690A17D12DCD3C0D00A029A9 /* template.swift in Sources */,
				690A17D22DCD3C0D00A029A9 /* Updates.swift in Sources */,
				690A17D32DCD3C0D00A029A9 /* registration.swift in Sources */,
				690A17D42DCD3C0D00A029A9 /* dbConnect.swift in Sources */,
				690A17D52DCD3C0D00A029A9 /* defaults.swift in Sources */,
				690A17D62DCD3C0D00A029A9 /* keychain.swift in Sources */,
				690A17D72DCD3C0D00A029A9 /* SAFEApp.swift in Sources */,
				690A17D82DCD3C0D00A029A9 /* librarySQL.swift in Sources */,
				690A17D92DCD3C0D00A029A9 /* requirements_managers.swift in Sources */,
				690A17DA2DCD3C0D00A029A9 /* checklist_data_sql.swift in Sources */,
				690A17DB2DCD3C0D00A029A9 /* Report.swift in Sources */,
				690A17DC2DCD3C0D00A029A9 /* Requirments_data_sql.swift in Sources */,
				69C64A7C2DAAB77300D51CF6 /* checklist.swift in Sources */,
			);
			runOnlyForDeploymentPostprocessing = 0;
		};
		6B03AD942D63965700CD28BB /* Sources */ = {
			isa = PBXSourcesBuildPhase;
			buildActionMask = 2147483647;
			files = (
			);
			runOnlyForDeploymentPostprocessing = 0;
		};
/* End PBXSourcesBuildPhase section */

/* Begin PBXTargetDependency section */
		6B03AD902D63965700CD28BB /* PBXTargetDependency */ = {
			isa = PBXTargetDependency;
			target = 6B03AD7D2D63965600CD28BB /* SAFE */;
			targetProxy = 6B03AD8F2D63965700CD28BB /* PBXContainerItemProxy */;
		};
		6B03AD9A2D63965700CD28BB /* PBXTargetDependency */ = {
			isa = PBXTargetDependency;
			target = 6B03AD7D2D63965600CD28BB /* SAFE */;
			targetProxy = 6B03AD992D63965700CD28BB /* PBXContainerItemProxy */;
		};
/* End PBXTargetDependency section */

/* Begin XCBuildConfiguration section */
		6B03ADA02D63965700CD28BB /* Debug */ = {
			isa = XCBuildConfiguration;
			buildSettings = {
				ALWAYS_SEARCH_USER_PATHS = NO;
				ASSETCATALOG_COMPILER_GENERATE_SWIFT_ASSET_SYMBOL_EXTENSIONS = YES;
				CLANG_ANALYZER_NONNULL = YES;
				CLANG_ANALYZER_NUMBER_OBJECT_CONVERSION = YES_AGGRESSIVE;
				CLANG_CXX_LANGUAGE_STANDARD = "gnu++20";
				CLANG_ENABLE_MODULES = YES;
				CLANG_ENABLE_OBJC_ARC = YES;
				CLANG_ENABLE_OBJC_WEAK = YES;
				CLANG_WARN_BLOCK_CAPTURE_AUTORELEASING = YES;
				CLANG_WARN_BOOL_CONVERSION = YES;
				CLANG_WARN_COMMA = YES;
				CLANG_WARN_CONSTANT_CONVERSION = YES;
				CLANG_WARN_DEPRECATED_OBJC_IMPLEMENTATIONS = YES;
				CLANG_WARN_DIRECT_OBJC_ISA_USAGE = YES_ERROR;
				CLANG_WARN_DOCUMENTATION_COMMENTS = YES;
				CLANG_WARN_EMPTY_BODY = YES;
				CLANG_WARN_ENUM_CONVERSION = YES;
				CLANG_WARN_INFINITE_RECURSION = YES;
				CLANG_WARN_INT_CONVERSION = YES;
				CLANG_WARN_NON_LITERAL_NULL_CONVERSION = YES;
				CLANG_WARN_OBJC_IMPLICIT_RETAIN_SELF = YES;
				CLANG_WARN_OBJC_LITERAL_CONVERSION = YES;
				CLANG_WARN_OBJC_ROOT_CLASS = YES_ERROR;
				CLANG_WARN_QUOTED_INCLUDE_IN_FRAMEWORK_HEADER = YES;
				CLANG_WARN_RANGE_LOOP_ANALYSIS = YES;
				CLANG_WARN_STRICT_PROTOTYPES = YES;
				CLANG_WARN_SUSPICIOUS_MOVE = YES;
				CLANG_WARN_UNGUARDED_AVAILABILITY = YES_AGGRESSIVE;
				CLANG_WARN_UNREACHABLE_CODE = YES;
				CLANG_WARN__DUPLICATE_METHOD_MATCH = YES;
				COPY_PHASE_STRIP = NO;
				DEBUG_INFORMATION_FORMAT = dwarf;
				ENABLE_STRICT_OBJC_MSGSEND = YES;
				ENABLE_TESTABILITY = YES;
				ENABLE_USER_SCRIPT_SANDBOXING = YES;
				GCC_C_LANGUAGE_STANDARD = gnu17;
				GCC_DYNAMIC_NO_PIC = NO;
				GCC_NO_COMMON_BLOCKS = YES;
				GCC_OPTIMIZATION_LEVEL = 0;
				GCC_PREPROCESSOR_DEFINITIONS = (
					"DEBUG=1",
					"$(inherited)",
				);
				GCC_WARN_64_TO_32_BIT_CONVERSION = YES;
				GCC_WARN_ABOUT_RETURN_TYPE = YES_ERROR;
				GCC_WARN_UNDECLARED_SELECTOR = YES;
				GCC_WARN_UNINITIALIZED_AUTOS = YES_AGGRESSIVE;
				GCC_WARN_UNUSED_FUNCTION = YES;
				GCC_WARN_UNUSED_VARIABLE = YES;
				IPHONEOS_DEPLOYMENT_TARGET = 18.2;
				LOCALIZATION_PREFERS_STRING_CATALOGS = YES;
				MTL_ENABLE_DEBUG_INFO = INCLUDE_SOURCE;
				MTL_FAST_MATH = YES;
				ONLY_ACTIVE_ARCH = YES;
				SDKROOT = iphoneos;
				SWIFT_ACTIVE_COMPILATION_CONDITIONS = "DEBUG $(inherited)";
				SWIFT_OPTIMIZATION_LEVEL = "-Onone";
			};
			name = Debug;
		};
		6B03ADA12D63965700CD28BB /* Release */ = {
			isa = XCBuildConfiguration;
			buildSettings = {
				ALWAYS_SEARCH_USER_PATHS = NO;
				ASSETCATALOG_COMPILER_GENERATE_SWIFT_ASSET_SYMBOL_EXTENSIONS = YES;
				CLANG_ANALYZER_NONNULL = YES;
				CLANG_ANALYZER_NUMBER_OBJECT_CONVERSION = YES_AGGRESSIVE;
				CLANG_CXX_LANGUAGE_STANDARD = "gnu++20";
				CLANG_ENABLE_MODULES = YES;
				CLANG_ENABLE_OBJC_ARC = YES;
				CLANG_ENABLE_OBJC_WEAK = YES;
				CLANG_WARN_BLOCK_CAPTURE_AUTORELEASING = YES;
				CLANG_WARN_BOOL_CONVERSION = YES;
				CLANG_WARN_COMMA = YES;
				CLANG_WARN_CONSTANT_CONVERSION = YES;
				CLANG_WARN_DEPRECATED_OBJC_IMPLEMENTATIONS = YES;
				CLANG_WARN_DIRECT_OBJC_ISA_USAGE = YES_ERROR;
				CLANG_WARN_DOCUMENTATION_COMMENTS = YES;
				CLANG_WARN_EMPTY_BODY = YES;
				CLANG_WARN_ENUM_CONVERSION = YES;
				CLANG_WARN_INFINITE_RECURSION = YES;
				CLANG_WARN_INT_CONVERSION = YES;
				CLANG_WARN_NON_LITERAL_NULL_CONVERSION = YES;
				CLANG_WARN_OBJC_IMPLICIT_RETAIN_SELF = YES;
				CLANG_WARN_OBJC_LITERAL_CONVERSION = YES;
				CLANG_WARN_OBJC_ROOT_CLASS = YES_ERROR;
				CLANG_WARN_QUOTED_INCLUDE_IN_FRAMEWORK_HEADER = YES;
				CLANG_WARN_RANGE_LOOP_ANALYSIS = YES;
				CLANG_WARN_STRICT_PROTOTYPES = YES;
				CLANG_WARN_SUSPICIOUS_MOVE = YES;
				CLANG_WARN_UNGUARDED_AVAILABILITY = YES_AGGRESSIVE;
				CLANG_WARN_UNREACHABLE_CODE = YES;
				CLANG_WARN__DUPLICATE_METHOD_MATCH = YES;
				COPY_PHASE_STRIP = NO;
				DEBUG_INFORMATION_FORMAT = "dwarf-with-dsym";
				ENABLE_NS_ASSERTIONS = NO;
				ENABLE_STRICT_OBJC_MSGSEND = YES;
				ENABLE_USER_SCRIPT_SANDBOXING = YES;
				GCC_C_LANGUAGE_STANDARD = gnu17;
				GCC_NO_COMMON_BLOCKS = YES;
				GCC_WARN_64_TO_32_BIT_CONVERSION = YES;
				GCC_WARN_ABOUT_RETURN_TYPE = YES_ERROR;
				GCC_WARN_UNDECLARED_SELECTOR = YES;
				GCC_WARN_UNINITIALIZED_AUTOS = YES_AGGRESSIVE;
				GCC_WARN_UNUSED_FUNCTION = YES;
				GCC_WARN_UNUSED_VARIABLE = YES;
				IPHONEOS_DEPLOYMENT_TARGET = 18.2;
				LOCALIZATION_PREFERS_STRING_CATALOGS = YES;
				MTL_ENABLE_DEBUG_INFO = NO;
				MTL_FAST_MATH = YES;
				SDKROOT = iphoneos;
				SWIFT_COMPILATION_MODE = wholemodule;
				VALIDATE_PRODUCT = YES;
			};
			name = Release;
		};
		6B03ADA32D63965700CD28BB /* Debug */ = {
			isa = XCBuildConfiguration;
			buildSettings = {
				ASSETCATALOG_COMPILER_APPICON_NAME = AppIcon;
				ASSETCATALOG_COMPILER_GLOBAL_ACCENT_COLOR_NAME = AccentColor;
				CODE_SIGN_STYLE = Automatic;
				CURRENT_PROJECT_VERSION = 1;
				DEVELOPMENT_ASSET_PATHS = "\"SAFE/Preview Content\"";
				DEVELOPMENT_TEAM = 582R7KGM3Z;
				ENABLE_PREVIEWS = YES;
				GENERATE_INFOPLIST_FILE = YES;
				INFOPLIST_KEY_UIApplicationSceneManifest_Generation = YES;
				INFOPLIST_KEY_UIApplicationSupportsIndirectInputEvents = YES;
				INFOPLIST_KEY_UILaunchScreen_Generation = YES;
				INFOPLIST_KEY_UISupportedInterfaceOrientations_iPad = "UIInterfaceOrientationPortrait UIInterfaceOrientationPortraitUpsideDown UIInterfaceOrientationLandscapeLeft UIInterfaceOrientationLandscapeRight";
				INFOPLIST_KEY_UISupportedInterfaceOrientations_iPhone = "UIInterfaceOrientationPortrait UIInterfaceOrientationLandscapeLeft UIInterfaceOrientationLandscapeRight";
				LD_RUNPATH_SEARCH_PATHS = (
					"$(inherited)",
					"@executable_path/Frameworks",
				);
				MARKETING_VERSION = 1.0;
				PRODUCT_BUNDLE_IDENTIFIER = com.MaxSarko.SAFE;
				PRODUCT_NAME = "$(TARGET_NAME)";
				SWIFT_EMIT_LOC_STRINGS = YES;
				SWIFT_VERSION = 5.0;
				TARGETED_DEVICE_FAMILY = "1,2";
			};
			name = Debug;
		};
		6B03ADA42D63965700CD28BB /* Release */ = {
			isa = XCBuildConfiguration;
			buildSettings = {
				ASSETCATALOG_COMPILER_APPICON_NAME = AppIcon;
				ASSETCATALOG_COMPILER_GLOBAL_ACCENT_COLOR_NAME = AccentColor;
				CODE_SIGN_STYLE = Automatic;
				CURRENT_PROJECT_VERSION = 1;
				DEVELOPMENT_ASSET_PATHS = "\"SAFE/Preview Content\"";
				DEVELOPMENT_TEAM = 582R7KGM3Z;
				ENABLE_PREVIEWS = YES;
				GENERATE_INFOPLIST_FILE = YES;
				INFOPLIST_KEY_UIApplicationSceneManifest_Generation = YES;
				INFOPLIST_KEY_UIApplicationSupportsIndirectInputEvents = YES;
				INFOPLIST_KEY_UILaunchScreen_Generation = YES;
				INFOPLIST_KEY_UISupportedInterfaceOrientations_iPad = "UIInterfaceOrientationPortrait UIInterfaceOrientationPortraitUpsideDown UIInterfaceOrientationLandscapeLeft UIInterfaceOrientationLandscapeRight";
				INFOPLIST_KEY_UISupportedInterfaceOrientations_iPhone = "UIInterfaceOrientationPortrait UIInterfaceOrientationLandscapeLeft UIInterfaceOrientationLandscapeRight";
				LD_RUNPATH_SEARCH_PATHS = (
					"$(inherited)",
					"@executable_path/Frameworks",
				);
				MARKETING_VERSION = 1.0;
				PRODUCT_BUNDLE_IDENTIFIER = com.MaxSarko.SAFE;
				PRODUCT_NAME = "$(TARGET_NAME)";
				SWIFT_EMIT_LOC_STRINGS = YES;
				SWIFT_VERSION = 5.0;
				TARGETED_DEVICE_FAMILY = "1,2";
			};
			name = Release;
		};
		6B03ADA62D63965700CD28BB /* Debug */ = {
			isa = XCBuildConfiguration;
			buildSettings = {
				BUNDLE_LOADER = "$(TEST_HOST)";
				CODE_SIGN_STYLE = Automatic;
				CURRENT_PROJECT_VERSION = 1;
				DEVELOPMENT_TEAM = HTUMFUKS5X;
				GENERATE_INFOPLIST_FILE = YES;
				IPHONEOS_DEPLOYMENT_TARGET = 18.2;
				MARKETING_VERSION = 1.0;
				PRODUCT_BUNDLE_IDENTIFIER = "Joe-Trave.SAFETests";
				PRODUCT_NAME = "$(TARGET_NAME)";
				SWIFT_EMIT_LOC_STRINGS = NO;
				SWIFT_VERSION = 5.0;
				TARGETED_DEVICE_FAMILY = "1,2";
				TEST_HOST = "$(BUILT_PRODUCTS_DIR)/SAFE.app/$(BUNDLE_EXECUTABLE_FOLDER_PATH)/SAFE";
			};
			name = Debug;
		};
		6B03ADA72D63965700CD28BB /* Release */ = {
			isa = XCBuildConfiguration;
			buildSettings = {
				BUNDLE_LOADER = "$(TEST_HOST)";
				CODE_SIGN_STYLE = Automatic;
				CURRENT_PROJECT_VERSION = 1;
				DEVELOPMENT_TEAM = HTUMFUKS5X;
				GENERATE_INFOPLIST_FILE = YES;
				IPHONEOS_DEPLOYMENT_TARGET = 18.2;
				MARKETING_VERSION = 1.0;
				PRODUCT_BUNDLE_IDENTIFIER = "Joe-Trave.SAFETests";
				PRODUCT_NAME = "$(TARGET_NAME)";
				SWIFT_EMIT_LOC_STRINGS = NO;
				SWIFT_VERSION = 5.0;
				TARGETED_DEVICE_FAMILY = "1,2";
				TEST_HOST = "$(BUILT_PRODUCTS_DIR)/SAFE.app/$(BUNDLE_EXECUTABLE_FOLDER_PATH)/SAFE";
			};
			name = Release;
		};
		6B03ADA92D63965700CD28BB /* Debug */ = {
			isa = XCBuildConfiguration;
			buildSettings = {
				CODE_SIGN_STYLE = Automatic;
				CURRENT_PROJECT_VERSION = 1;
				DEVELOPMENT_TEAM = HTUMFUKS5X;
				GENERATE_INFOPLIST_FILE = YES;
				MARKETING_VERSION = 1.0;
				PRODUCT_BUNDLE_IDENTIFIER = "Joe-Trave.SAFEUITests";
				PRODUCT_NAME = "$(TARGET_NAME)";
				SWIFT_EMIT_LOC_STRINGS = NO;
				SWIFT_VERSION = 5.0;
				TARGETED_DEVICE_FAMILY = "1,2";
				TEST_TARGET_NAME = SAFE;
			};
			name = Debug;
		};
		6B03ADAA2D63965700CD28BB /* Release */ = {
			isa = XCBuildConfiguration;
			buildSettings = {
				CODE_SIGN_STYLE = Automatic;
				CURRENT_PROJECT_VERSION = 1;
				DEVELOPMENT_TEAM = HTUMFUKS5X;
				GENERATE_INFOPLIST_FILE = YES;
				MARKETING_VERSION = 1.0;
				PRODUCT_BUNDLE_IDENTIFIER = "Joe-Trave.SAFEUITests";
				PRODUCT_NAME = "$(TARGET_NAME)";
				SWIFT_EMIT_LOC_STRINGS = NO;
				SWIFT_VERSION = 5.0;
				TARGETED_DEVICE_FAMILY = "1,2";
				TEST_TARGET_NAME = SAFE;
			};
			name = Release;
		};
/* End XCBuildConfiguration section */

/* Begin XCConfigurationList section */
		6B03AD792D63965600CD28BB /* Build configuration list for PBXProject "SAFE" */ = {
			isa = XCConfigurationList;
			buildConfigurations = (
				6B03ADA02D63965700CD28BB /* Debug */,
				6B03ADA12D63965700CD28BB /* Release */,
			);
			defaultConfigurationIsVisible = 0;
			defaultConfigurationName = Release;
		};
		6B03ADA22D63965700CD28BB /* Build configuration list for PBXNativeTarget "SAFE" */ = {
			isa = XCConfigurationList;
			buildConfigurations = (
				6B03ADA32D63965700CD28BB /* Debug */,
				6B03ADA42D63965700CD28BB /* Release */,
			);
			defaultConfigurationIsVisible = 0;
			defaultConfigurationName = Release;
		};
		6B03ADA52D63965700CD28BB /* Build configuration list for PBXNativeTarget "SAFETests" */ = {
			isa = XCConfigurationList;
			buildConfigurations = (
				6B03ADA62D63965700CD28BB /* Debug */,
				6B03ADA72D63965700CD28BB /* Release */,
			);
			defaultConfigurationIsVisible = 0;
			defaultConfigurationName = Release;
		};
		6B03ADA82D63965700CD28BB /* Build configuration list for PBXNativeTarget "SAFEUITests" */ = {
			isa = XCConfigurationList;
			buildConfigurations = (
				6B03ADA92D63965700CD28BB /* Debug */,
				6B03ADAA2D63965700CD28BB /* Release */,
			);
			defaultConfigurationIsVisible = 0;
			defaultConfigurationName = Release;
		};
/* End XCConfigurationList section */

/* Begin XCRemoteSwiftPackageReference section */
		69C64A2A2DAAB5F200D51CF6 /* XCRemoteSwiftPackageReference "PostgresClientKit" */ = {
			isa = XCRemoteSwiftPackageReference;
			repositoryURL = "https://github.com/codewinsdotcom/PostgresClientKit.git";
			requirement = {
				branch = master;
				kind = branch;
			};
		};
		69C64AAE2DAAB81E00D51CF6 /* XCRemoteSwiftPackageReference "BlueSocket" */ = {
			isa = XCRemoteSwiftPackageReference;
			repositoryURL = "https://github.com/Kitura/BlueSocket.git";
			requirement = {
				kind = upToNextMajorVersion;
				minimumVersion = 2.0.4;
			};
		};
		69C64AAF2DAAB82F00D51CF6 /* XCRemoteSwiftPackageReference "BlueSSLService" */ = {
			isa = XCRemoteSwiftPackageReference;
			repositoryURL = "https://github.com/Kitura/BlueSSLService.git";
			requirement = {
				kind = upToNextMajorVersion;
				minimumVersion = 2.0.2;
			};
		};
/* End XCRemoteSwiftPackageReference section */

/* Begin XCSwiftPackageProductDependency section */
		69C64AB02DAABA7100D51CF6 /* PostgresClientKit */ = {
			isa = XCSwiftPackageProductDependency;
			productName = PostgresClientKit;
		};
/* End XCSwiftPackageProductDependency section */
	};
	rootObject = 6B03AD762D63965600CD28BB /* Project object */;
}
